// !$*UTF8*$!
{
	archiveVersion = 1;
	classes = {
	};
	objectVersion = 55;
	objects = {

/* Begin PBXBuildFile section */
		71022411290854DD008D28EA /* MovieTableViewCell.swift in Sources */ = {isa = PBXBuildFile; fileRef = 71022410290854DD008D28EA /* MovieTableViewCell.swift */; };
		7103F3632909482D00E94959 /* Colors.xcassets in Resources */ = {isa = PBXBuildFile; fileRef = 7103F3622909482D00E94959 /* Colors.xcassets */; };
		7121B6EE290B1E6B0002EECD /* DetailViewController.swift in Sources */ = {isa = PBXBuildFile; fileRef = 7121B6ED290B1E6B0002EECD /* DetailViewController.swift */; };
		715863CA2907C9AC00997026 /* AppDelegate.swift in Sources */ = {isa = PBXBuildFile; fileRef = 715863C92907C9AC00997026 /* AppDelegate.swift */; };
		715863CC2907C9AC00997026 /* SceneDelegate.swift in Sources */ = {isa = PBXBuildFile; fileRef = 715863CB2907C9AC00997026 /* SceneDelegate.swift */; };
		715863CE2907C9AC00997026 /* MoviesViewController.swift in Sources */ = {isa = PBXBuildFile; fileRef = 715863CD2907C9AC00997026 /* MoviesViewController.swift */; };
		715863D12907C9AC00997026 /* Main.storyboard in Resources */ = {isa = PBXBuildFile; fileRef = 715863CF2907C9AC00997026 /* Main.storyboard */; };
		715863D32907C9AC00997026 /* Assets.xcassets in Resources */ = {isa = PBXBuildFile; fileRef = 715863D22907C9AC00997026 /* Assets.xcassets */; };
		715863D62907C9AC00997026 /* LaunchScreen.storyboard in Resources */ = {isa = PBXBuildFile; fileRef = 715863D42907C9AC00997026 /* LaunchScreen.storyboard */; };
		7169847D290BFAE500A25A2D /* MovieRequest.swift in Sources */ = {isa = PBXBuildFile; fileRef = 7169847C290BFAE500A25A2D /* MovieRequest.swift */; };
		719C59DF29091D12000D85F5 /* Movie.swift in Sources */ = {isa = PBXBuildFile; fileRef = 719C59DE29091D12000D85F5 /* Movie.swift */; };
/* End PBXBuildFile section */

/* Begin PBXFileReference section */
		71022410290854DD008D28EA /* MovieTableViewCell.swift */ = {isa = PBXFileReference; lastKnownFileType = sourcecode.swift; path = MovieTableViewCell.swift; sourceTree = "<group>"; };
		7103F3622909482D00E94959 /* Colors.xcassets */ = {isa = PBXFileReference; lastKnownFileType = folder.assetcatalog; path = Colors.xcassets; sourceTree = "<group>"; };
		7121B6ED290B1E6B0002EECD /* DetailViewController.swift */ = {isa = PBXFileReference; lastKnownFileType = sourcecode.swift; path = DetailViewController.swift; sourceTree = "<group>"; };
		715863C62907C9AC00997026 /* movieHW.app */ = {isa = PBXFileReference; explicitFileType = wrapper.application; includeInIndex = 0; path = movieHW.app; sourceTree = BUILT_PRODUCTS_DIR; };
		715863C92907C9AC00997026 /* AppDelegate.swift */ = {isa = PBXFileReference; lastKnownFileType = sourcecode.swift; path = AppDelegate.swift; sourceTree = "<group>"; };
		715863CB2907C9AC00997026 /* SceneDelegate.swift */ = {isa = PBXFileReference; lastKnownFileType = sourcecode.swift; path = SceneDelegate.swift; sourceTree = "<group>"; };
		715863CD2907C9AC00997026 /* MoviesViewController.swift */ = {isa = PBXFileReference; lastKnownFileType = sourcecode.swift; path = MoviesViewController.swift; sourceTree = "<group>"; };
		715863D02907C9AC00997026 /* Base */ = {isa = PBXFileReference; lastKnownFileType = file.storyboard; name = Base; path = Base.lproj/Main.storyboard; sourceTree = "<group>"; };
		715863D22907C9AC00997026 /* Assets.xcassets */ = {isa = PBXFileReference; lastKnownFileType = folder.assetcatalog; path = Assets.xcassets; sourceTree = "<group>"; };
		715863D52907C9AC00997026 /* Base */ = {isa = PBXFileReference; lastKnownFileType = file.storyboard; name = Base; path = Base.lproj/LaunchScreen.storyboard; sourceTree = "<group>"; };
		715863D72907C9AC00997026 /* Info.plist */ = {isa = PBXFileReference; lastKnownFileType = text.plist.xml; path = Info.plist; sourceTree = "<group>"; };
		7169847C290BFAE500A25A2D /* MovieRequest.swift */ = {isa = PBXFileReference; lastKnownFileType = sourcecode.swift; path = MovieRequest.swift; sourceTree = "<group>"; };
		719C59DE29091D12000D85F5 /* Movie.swift */ = {isa = PBXFileReference; lastKnownFileType = sourcecode.swift; path = Movie.swift; sourceTree = "<group>"; };
/* End PBXFileReference section */

/* Begin PBXFrameworksBuildPhase section */
		715863C32907C9AC00997026 /* Frameworks */ = {
			isa = PBXFrameworksBuildPhase;
			buildActionMask = 2147483647;
			files = (
			);
			runOnlyForDeploymentPostprocessing = 0;
		};
/* End PBXFrameworksBuildPhase section */

/* Begin PBXGroup section */
		7102240E29084C5A008D28EA /* Models */ = {
			isa = PBXGroup;
			children = (
				719C59DE29091D12000D85F5 /* Movie.swift */,
			);
			path = Models;
			sourceTree = "<group>";
		};
		71022412290857EB008D28EA /* Views */ = {
			isa = PBXGroup;
			children = (
				715863CD2907C9AC00997026 /* MoviesViewController.swift */,
				7121B6ED290B1E6B0002EECD /* DetailViewController.swift */,
				71022410290854DD008D28EA /* MovieTableViewCell.swift */,
			);
			path = Views;
			sourceTree = "<group>";
		};
		715863BD2907C9AC00997026 = {
			isa = PBXGroup;
			children = (
				715863C82907C9AC00997026 /* movieHW */,
				715863C72907C9AC00997026 /* Products */,
			);
			sourceTree = "<group>";
		};
		715863C72907C9AC00997026 /* Products */ = {
			isa = PBXGroup;
			children = (
				715863C62907C9AC00997026 /* movieHW.app */,
			);
			name = Products;
			sourceTree = "<group>";
		};
		715863C82907C9AC00997026 /* movieHW */ = {
			isa = PBXGroup;
			children = (
				7169847B290BFAD400A25A2D /* NetworkService */,
				7102240E29084C5A008D28EA /* Models */,
				71022412290857EB008D28EA /* Views */,
				715863C92907C9AC00997026 /* AppDelegate.swift */,
				715863CB2907C9AC00997026 /* SceneDelegate.swift */,
				715863CF2907C9AC00997026 /* Main.storyboard */,
				715863D22907C9AC00997026 /* Assets.xcassets */,
				7103F3622909482D00E94959 /* Colors.xcassets */,
				715863D42907C9AC00997026 /* LaunchScreen.storyboard */,
				715863D72907C9AC00997026 /* Info.plist */,
			);
			path = movieHW;
			sourceTree = "<group>";
		};
		7169847B290BFAD400A25A2D /* NetworkService */ = {
			isa = PBXGroup;
			children = (
				7169847C290BFAE500A25A2D /* MovieRequest.swift */,
			);
			path = NetworkService;
			sourceTree = "<group>";
		};
/* End PBXGroup section */

/* Begin PBXNativeTarget section */
		715863C52907C9AC00997026 /* movieHW */ = {
			isa = PBXNativeTarget;
			buildConfigurationList = 715863DA2907C9AC00997026 /* Build configuration list for PBXNativeTarget "movieHW" */;
			buildPhases = (
				715863C22907C9AC00997026 /* Sources */,
				715863C32907C9AC00997026 /* Frameworks */,
				715863C42907C9AC00997026 /* Resources */,
				711832252907D03D00EECBC7 /* Run Swift Format */,
				711832242907CC8000EECBC7 /* SwiftLint */,
			);
			buildRules = (
			);
			dependencies = (
			);
			name = movieHW;
			productName = movieHW;
			productReference = 715863C62907C9AC00997026 /* movieHW.app */;
			productType = "com.apple.product-type.application";
		};
/* End PBXNativeTarget section */

/* Begin PBXProject section */
		715863BE2907C9AC00997026 /* Project object */ = {
			isa = PBXProject;
			attributes = {
				BuildIndependentTargetsInParallel = 1;
				LastSwiftUpdateCheck = 1340;
				LastUpgradeCheck = 1340;
				TargetAttributes = {
					715863C52907C9AC00997026 = {
						CreatedOnToolsVersion = 13.4.1;
					};
				};
			};
			buildConfigurationList = 715863C12907C9AC00997026 /* Build configuration list for PBXProject "movieHW" */;
			compatibilityVersion = "Xcode 13.0";
			developmentRegion = en;
			hasScannedForEncodings = 0;
			knownRegions = (
				en,
				Base,
			);
			mainGroup = 715863BD2907C9AC00997026;
			productRefGroup = 715863C72907C9AC00997026 /* Products */;
			projectDirPath = "";
			projectRoot = "";
			targets = (
				715863C52907C9AC00997026 /* movieHW */,
			);
		};
/* End PBXProject section */

/* Begin PBXResourcesBuildPhase section */
		715863C42907C9AC00997026 /* Resources */ = {
			isa = PBXResourcesBuildPhase;
			buildActionMask = 2147483647;
			files = (
				715863D62907C9AC00997026 /* LaunchScreen.storyboard in Resources */,
				7103F3632909482D00E94959 /* Colors.xcassets in Resources */,
				715863D32907C9AC00997026 /* Assets.xcassets in Resources */,
				715863D12907C9AC00997026 /* Main.storyboard in Resources */,
			);
			runOnlyForDeploymentPostprocessing = 0;
		};
/* End PBXResourcesBuildPhase section */

/* Begin PBXShellScriptBuildPhase section */
		711832242907CC8000EECBC7 /* SwiftLint */ = {
			isa = PBXShellScriptBuildPhase;
			buildActionMask = 2147483647;
			files = (
			);
			inputFileListPaths = (
			);
			inputPaths = (
			);
			name = SwiftLint;
			outputFileListPaths = (
			);
			outputPaths = (
			);
			runOnlyForDeploymentPostprocessing = 0;
			shellPath = /bin/sh;
			shellScript = "if which swiftlint > /dev/null; then\n  swiftlint\nelse\n  echo \"warning: SwiftLint not installed, download from https://github.com/realm/SwiftLint\"\nfi\n";
		};
		711832252907D03D00EECBC7 /* Run Swift Format */ = {
			isa = PBXShellScriptBuildPhase;
			alwaysOutOfDate = 1;
			buildActionMask = 12;
			files = (
			);
			inputFileListPaths = (
			);
			inputPaths = (
			);
			name = "Run Swift Format";
			outputFileListPaths = (
			);
			outputPaths = (
			);
			runOnlyForDeploymentPostprocessing = 0;
			shellPath = /bin/sh;
			shellScript = "if which swiftformat >/dev/null; then\n  swiftformat .\nelse\n  echo \"warning: SwiftFormat not installed, download from https://github.com/nicklockwood/SwiftFormat\"\nfi\n";
		};
/* End PBXShellScriptBuildPhase section */

/* Begin PBXSourcesBuildPhase section */
		715863C22907C9AC00997026 /* Sources */ = {
			isa = PBXSourcesBuildPhase;
			buildActionMask = 2147483647;
			files = (
				715863CE2907C9AC00997026 /* MoviesViewController.swift in Sources */,
				715863CA2907C9AC00997026 /* AppDelegate.swift in Sources */,
				71022411290854DD008D28EA /* MovieTableViewCell.swift in Sources */,
				7169847D290BFAE500A25A2D /* MovieRequest.swift in Sources */,
				7121B6EE290B1E6B0002EECD /* DetailViewController.swift in Sources */,
				715863CC2907C9AC00997026 /* SceneDelegate.swift in Sources */,
				719C59DF29091D12000D85F5 /* Movie.swift in Sources */,
			);
			runOnlyForDeploymentPostprocessing = 0;
		};
/* End PBXSourcesBuildPhase section */

/* Begin PBXVariantGroup section */
		715863CF2907C9AC00997026 /* Main.storyboard */ = {
			isa = PBXVariantGroup;
			children = (
				715863D02907C9AC00997026 /* Base */,
			);
			name = Main.storyboard;
			sourceTree = "<group>";
		};
		715863D42907C9AC00997026 /* LaunchScreen.storyboard */ = {
			isa = PBXVariantGroup;
			children = (
				715863D52907C9AC00997026 /* Base */,
			);
			name = LaunchScreen.storyboard;
			sourceTree = "<group>";
		};
/* End PBXVariantGroup section */

/* Begin XCBuildConfiguration section */
		715863D82907C9AC00997026 /* Debug */ = {
			isa = XCBuildConfiguration;
			buildSettings = {
				ALWAYS_SEARCH_USER_PATHS = NO;
				CLANG_ANALYZER_NONNULL = YES;
				CLANG_ANALYZER_NUMBER_OBJECT_CONVERSION = YES_AGGRESSIVE;
				CLANG_CXX_LANGUAGE_STANDARD = "gnu++17";
				CLANG_ENABLE_MODULES = YES;
				CLANG_ENABLE_OBJC_ARC = YES;
				CLANG_ENABLE_OBJC_WEAK = YES;
				CLANG_WARN_BLOCK_CAPTURE_AUTORELEASING = YES;
				CLANG_WARN_BOOL_CONVERSION = YES;
				CLANG_WARN_COMMA = YES;
				CLANG_WARN_CONSTANT_CONVERSION = YES;
				CLANG_WARN_DEPRECATED_OBJC_IMPLEMENTATIONS = YES;
				CLANG_WARN_DIRECT_OBJC_ISA_USAGE = YES_ERROR;
				CLANG_WARN_DOCUMENTATION_COMMENTS = YES;
				CLANG_WARN_EMPTY_BODY = YES;
				CLANG_WARN_ENUM_CONVERSION = YES;
				CLANG_WARN_INFINITE_RECURSION = YES;
				CLANG_WARN_INT_CONVERSION = YES;
				CLANG_WARN_NON_LITERAL_NULL_CONVERSION = YES;
				CLANG_WARN_OBJC_IMPLICIT_RETAIN_SELF = YES;
				CLANG_WARN_OBJC_LITERAL_CONVERSION = YES;
				CLANG_WARN_OBJC_ROOT_CLASS = YES_ERROR;
				CLANG_WARN_QUOTED_INCLUDE_IN_FRAMEWORK_HEADER = YES;
				CLANG_WARN_RANGE_LOOP_ANALYSIS = YES;
				CLANG_WARN_STRICT_PROTOTYPES = YES;
				CLANG_WARN_SUSPICIOUS_MOVE = YES;
				CLANG_WARN_UNGUARDED_AVAILABILITY = YES_AGGRESSIVE;
				CLANG_WARN_UNREACHABLE_CODE = YES;
				CLANG_WARN__DUPLICATE_METHOD_MATCH = YES;
				COPY_PHASE_STRIP = NO;
				DEBUG_INFORMATION_FORMAT = dwarf;
				ENABLE_STRICT_OBJC_MSGSEND = YES;
				ENABLE_TESTABILITY = YES;
				GCC_C_LANGUAGE_STANDARD = gnu11;
				GCC_DYNAMIC_NO_PIC = NO;
				GCC_NO_COMMON_BLOCKS = YES;
				GCC_OPTIMIZATION_LEVEL = 0;
				GCC_PREPROCESSOR_DEFINITIONS = (
					"DEBUG=1",
					"$(inherited)",
				);
				GCC_WARN_64_TO_32_BIT_CONVERSION = YES;
				GCC_WARN_ABOUT_RETURN_TYPE = YES_ERROR;
				GCC_WARN_UNDECLARED_SELECTOR = YES;
				GCC_WARN_UNINITIALIZED_AUTOS = YES_AGGRESSIVE;
				GCC_WARN_UNUSED_FUNCTION = YES;
				GCC_WARN_UNUSED_VARIABLE = YES;
				IPHONEOS_DEPLOYMENT_TARGET = 15.5;
				MTL_ENABLE_DEBUG_INFO = INCLUDE_SOURCE;
				MTL_FAST_MATH = YES;
				ONLY_ACTIVE_ARCH = YES;
				SDKROOT = iphoneos;
				SWIFT_ACTIVE_COMPILATION_CONDITIONS = DEBUG;
				SWIFT_OPTIMIZATION_LEVEL = "-Onone";
			};
			name = Debug;
		};
		715863D92907C9AC00997026 /* Release */ = {
			isa = XCBuildConfiguration;
			buildSettings = {
				ALWAYS_SEARCH_USER_PATHS = NO;
				CLANG_ANALYZER_NONNULL = YES;
				CLANG_ANALYZER_NUMBER_OBJECT_CONVERSION = YES_AGGRESSIVE;
				CLANG_CXX_LANGUAGE_STANDARD = "gnu++17";
				CLANG_ENABLE_MODULES = YES;
				CLANG_ENABLE_OBJC_ARC = YES;
				CLANG_ENABLE_OBJC_WEAK = YES;
				CLANG_WARN_BLOCK_CAPTURE_AUTORELEASING = YES;
				CLANG_WARN_BOOL_CONVERSION = YES;
				CLANG_WARN_COMMA = YES;
				CLANG_WARN_CONSTANT_CONVERSION = YES;
				CLANG_WARN_DEPRECATED_OBJC_IMPLEMENTATIONS = YES;
				CLANG_WARN_DIRECT_OBJC_ISA_USAGE = YES_ERROR;
				CLANG_WARN_DOCUMENTATION_COMMENTS = YES;
				CLANG_WARN_EMPTY_BODY = YES;
				CLANG_WARN_ENUM_CONVERSION = YES;
				CLANG_WARN_INFINITE_RECURSION = YES;
				CLANG_WARN_INT_CONVERSION = YES;
				CLANG_WARN_NON_LITERAL_NULL_CONVERSION = YES;
				CLANG_WARN_OBJC_IMPLICIT_RETAIN_SELF = YES;
				CLANG_WARN_OBJC_LITERAL_CONVERSION = YES;
				CLANG_WARN_OBJC_ROOT_CLASS = YES_ERROR;
				CLANG_WARN_QUOTED_INCLUDE_IN_FRAMEWORK_HEADER = YES;
				CLANG_WARN_RANGE_LOOP_ANALYSIS = YES;
				CLANG_WARN_STRICT_PROTOTYPES = YES;
				CLANG_WARN_SUSPICIOUS_MOVE = YES;
				CLANG_WARN_UNGUARDED_AVAILABILITY = YES_AGGRESSIVE;
				CLANG_WARN_UNREACHABLE_CODE = YES;
				CLANG_WARN__DUPLICATE_METHOD_MATCH = YES;
				COPY_PHASE_STRIP = NO;
				DEBUG_INFORMATION_FORMAT = "dwarf-with-dsym";
				ENABLE_NS_ASSERTIONS = NO;
				ENABLE_STRICT_OBJC_MSGSEND = YES;
				GCC_C_LANGUAGE_STANDARD = gnu11;
				GCC_NO_COMMON_BLOCKS = YES;
				GCC_WARN_64_TO_32_BIT_CONVERSION = YES;
				GCC_WARN_ABOUT_RETURN_TYPE = YES_ERROR;
				GCC_WARN_UNDECLARED_SELECTOR = YES;
				GCC_WARN_UNINITIALIZED_AUTOS = YES_AGGRESSIVE;
				GCC_WARN_UNUSED_FUNCTION = YES;
				GCC_WARN_UNUSED_VARIABLE = YES;
				IPHONEOS_DEPLOYMENT_TARGET = 15.5;
				MTL_ENABLE_DEBUG_INFO = NO;
				MTL_FAST_MATH = YES;
				SDKROOT = iphoneos;
				SWIFT_COMPILATION_MODE = wholemodule;
				SWIFT_OPTIMIZATION_LEVEL = "-O";
				VALIDATE_PRODUCT = YES;
			};
			name = Release;
		};
		715863DB2907C9AC00997026 /* Debug */ = {
			isa = XCBuildConfiguration;
			buildSettings = {
				ASSETCATALOG_COMPILER_APPICON_NAME = AppIcon;
				ASSETCATALOG_COMPILER_GLOBAL_ACCENT_COLOR_NAME = AccentColor;
				CODE_SIGN_STYLE = Automatic;
				CURRENT_PROJECT_VERSION = 1;
				DEVELOPMENT_TEAM = 3ZCQU6CM8M;
				GENERATE_INFOPLIST_FILE = YES;
				INFOPLIST_FILE = movieHW/Info.plist;
				INFOPLIST_KEY_UIApplicationSupportsIndirectInputEvents = YES;
				INFOPLIST_KEY_UILaunchStoryboardName = LaunchScreen;
				INFOPLIST_KEY_UIMainStoryboardFile = Main;
				INFOPLIST_KEY_UISupportedInterfaceOrientations_iPad = "UIInterfaceOrientationPortrait UIInterfaceOrientationPortraitUpsideDown UIInterfaceOrientationLandscapeLeft UIInterfaceOrientationLandscapeRight";
				INFOPLIST_KEY_UISupportedInterfaceOrientations_iPhone = "UIInterfaceOrientationPortrait UIInterfaceOrientationLandscapeLeft UIInterfaceOrientationLandscapeRight";
				LD_RUNPATH_SEARCH_PATHS = (
					"$(inherited)",
					"@executable_path/Frameworks",
				);
				MARKETING_VERSION = 1.0;
				PRODUCT_BUNDLE_IDENTIFIER = ezguga.movieHW;
				PRODUCT_NAME = "$(TARGET_NAME)";
				SWIFT_EMIT_LOC_STRINGS = YES;
				SWIFT_VERSION = 5.0;
				TARGETED_DEVICE_FAMILY = "1,2";
			};
			name = Debug;
		};
		715863DC2907C9AC00997026 /* Release */ = {
			isa = XCBuildConfiguration;
			buildSettings = {
				ASSETCATALOG_COMPILER_APPICON_NAME = AppIcon;
				ASSETCATALOG_COMPILER_GLOBAL_ACCENT_COLOR_NAME = AccentColor;
				CODE_SIGN_STYLE = Automatic;
				CURRENT_PROJECT_VERSION = 1;
				DEVELOPMENT_TEAM = 3ZCQU6CM8M;
				GENERATE_INFOPLIST_FILE = YES;
				INFOPLIST_FILE = movieHW/Info.plist;
				INFOPLIST_KEY_UIApplicationSupportsIndirectInputEvents = YES;
				INFOPLIST_KEY_UILaunchStoryboardName = LaunchScreen;
				INFOPLIST_KEY_UIMainStoryboardFile = Main;
				INFOPLIST_KEY_UISupportedInterfaceOrientations_iPad = "UIInterfaceOrientationPortrait UIInterfaceOrientationPortraitUpsideDown UIInterfaceOrientationLandscapeLeft UIInterfaceOrientationLandscapeRight";
				INFOPLIST_KEY_UISupportedInterfaceOrientations_iPhone = "UIInterfaceOrientationPortrait UIInterfaceOrientationLandscapeLeft UIInterfaceOrientationLandscapeRight";
				LD_RUNPATH_SEARCH_PATHS = (
					"$(inherited)",
					"@executable_path/Frameworks",
				);
				MARKETING_VERSION = 1.0;
				PRODUCT_BUNDLE_IDENTIFIER = ezguga.movieHW;
				PRODUCT_NAME = "$(TARGET_NAME)";
				SWIFT_EMIT_LOC_STRINGS = YES;
				SWIFT_VERSION = 5.0;
				TARGETED_DEVICE_FAMILY = "1,2";
			};
			name = Release;
		};
/* End XCBuildConfiguration section */

/* Begin XCConfigurationList section */
		715863C12907C9AC00997026 /* Build configuration list for PBXProject "movieHW" */ = {
			isa = XCConfigurationList;
			buildConfigurations = (
				715863D82907C9AC00997026 /* Debug */,
				715863D92907C9AC00997026 /* Release */,
			);
			defaultConfigurationIsVisible = 0;
			defaultConfigurationName = Release;
		};
		715863DA2907C9AC00997026 /* Build configuration list for PBXNativeTarget "movieHW" */ = {
			isa = XCConfigurationList;
			buildConfigurations = (
				715863DB2907C9AC00997026 /* Debug */,
				715863DC2907C9AC00997026 /* Release */,
			);
			defaultConfigurationIsVisible = 0;
			defaultConfigurationName = Release;
		};
/* End XCConfigurationList section */
	};
	rootObject = 715863BE2907C9AC00997026 /* Project object */;
}
